
Microsoft Visual Studio Solution File, Format Version 10.00
# Visual Studio 2008
Project("{FAE04EC0-301F-11D3-BF4B-00C04F79EFBC}") = "SpriteOptimizer", "SpriteOptimizer\SpriteOptimizer.csproj", "{33DEA28F-5E67-4ECA-8F5E-855B1A44596D}"
EndProject
Project("{FAE04EC0-301F-11D3-BF4B-00C04F79EFBC}") = "Global", "..\..\asm\Global\Global\Global.csproj", "{DA8FF13F-661C-48CE-8060-0CEB05033923}"
EndProject
Project("{8BC9CEB8-8B4A-11D0-8D11-00A0C91BC942}") = "WmeWrapper", "..\..\asm\WmeWrapper\WmeWrapper\WmeWrapper.vcproj", "{889EDAED-6C28-41D7-9C20-0E58AE09B2E4}"
EndProject
Global
	GlobalSection(SolutionConfigurationPlatforms) = preSolution
		Debug|Any CPU = Debug|Any CPU
		Debug|Mixed Platforms = Debug|Mixed Platforms
		Debug|Win32 = Debug|Win32
		Release|Any CPU = Release|Any CPU
		Release|Mixed Platforms = Release|Mixed Platforms
		Release|Win32 = Release|Win32
	EndGlobalSection
	GlobalSection(ProjectConfigurationPlatforms) = postSolution
		{33DEA28F-5E67-4ECA-8F5E-855B1A44596D}.Debug|Any CPU.ActiveCfg = Debug|Any CPU
		{33DEA28F-5E67-4ECA-8F5E-855B1A44596D}.Debug|Any CPU.Build.0 = Debug|Any CPU
		{33DEA28F-5E67-4ECA-8F5E-855B1A44596D}.Debug|Mixed Platforms.ActiveCfg = Debug|Any CPU
		{33DEA28F-5E67-4ECA-8F5E-855B1A44596D}.Debug|Mixed Platforms.Build.0 = Debug|Any CPU
		{33DEA28F-5E67-4ECA-8F5E-855B1A44596D}.Debug|Win32.ActiveCfg = Debug|Any CPU
		{33DEA28F-5E67-4ECA-8F5E-855B1A44596D}.Release|Any CPU.ActiveCfg = Release|Any CPU
		{33DEA28F-5E67-4ECA-8F5E-855B1A44596D}.Release|Any CPU.Build.0 = Release|Any CPU
		{33DEA28F-5E67-4ECA-8F5E-855B1A44596D}.Release|Mixed Platforms.ActiveCfg = Release|Any CPU
		{33DEA28F-5E67-4ECA-8F5E-855B1A44596D}.Release|Mixed Platforms.Build.0 = Release|Any CPU
		{33DEA28F-5E67-4ECA-8F5E-855B1A44596D}.Release|Win32.ActiveCfg = Release|Any CPU
		{DA8FF13F-661C-48CE-8060-0CEB05033923}.Debug|Any CPU.ActiveCfg = Debug|Any CPU
		{DA8FF13F-661C-48CE-8060-0CEB05033923}.Debug|Any CPU.Build.0 = Debug|Any CPU
		{DA8FF13F-661C-48CE-8060-0CEB05033923}.Debug|Mixed Platforms.ActiveCfg = Debug|Any CPU
		{DA8FF13F-661C-48CE-8060-0CEB05033923}.Debug|Mixed Platforms.Build.0 = Debug|Any CPU
		{DA8FF13F-661C-48CE-8060-0CEB05033923}.Debug|Win32.ActiveCfg = Debug|Any CPU
		{DA8FF13F-661C-48CE-8060-0CEB05033923}.Release|Any CPU.ActiveCfg = Release|Any CPU
		{DA8FF13F-661C-48CE-8060-0CEB05033923}.Release|Any CPU.Build.0 = Release|Any CPU
		{DA8FF13F-661C-48CE-8060-0CEB05033923}.Release|Mixed Platforms.ActiveCfg = Release|Any CPU
		{DA8FF13F-661C-48CE-8060-0CEB05033923}.Release|Mixed Platforms.Build.0 = Release|Any CPU
		{DA8FF13F-661C-48CE-8060-0CEB05033923}.Release|Win32.ActiveCfg = Release|Any CPU
		{889EDAED-6C28-41D7-9C20-0E58AE09B2E4}.Debug|Any CPU.ActiveCfg = Debug|Win32
		{889EDAED-6C28-41D7-9C20-0E58AE09B2E4}.Debug|Mixed Platforms.ActiveCfg = Debug|Win32
		{889EDAED-6C28-41D7-9C20-0E58AE09B2E4}.Debug|Mixed Platforms.Build.0 = Debug|Win32
		{889EDAED-6C28-41D7-9C20-0E58AE09B2E4}.Debug|Win32.ActiveCfg = Debug|Win32
		{889EDAED-6C28-41D7-9C20-0E58AE09B2E4}.Debug|Win32.Build.0 = Debug|Win32
		{889EDAED-6C28-41D7-9C20-0E58AE09B2E4}.Release|Any CPU.ActiveCfg = Release|Win32
		{889EDAED-6C28-41D7-9C20-0E58AE09B2E4}.Release|Mixed Platforms.ActiveCfg = Release|Win32
		{889EDAED-6C28-41D7-9C20-0E58AE09B2E4}.Release|Mixed Platforms.Build.0 = Release|Win32
		{889EDAED-6C28-41D7-9C20-0E58AE09B2E4}.Release|Win32.ActiveCfg = Release|Win32
		{889EDAED-6C28-41D7-9C20-0E58AE09B2E4}.Release|Win32.Build.0 = Release|Win32
	EndGlobalSection
	GlobalSection(SolutionProperties) = preSolution
		HideSolutionNode = FALSE
	EndGlobalSection
EndGlobal
