
Microsoft Visual Studio Solution File, Format Version 10.00
# Visual Studio 2008
Project("{8BC9CEB8-8B4A-11D0-8D11-00A0C91BC942}") = "compiler", "..\compiler\compiler.vcproj", "{24C529EF-0112-480E-B71A-CFDE754CABAF}"
EndProject
Project("{8BC9CEB8-8B4A-11D0-8D11-00A0C91BC942}") = "wme_snow", "..\plugin\wme_snow\wme_snow.vcproj", "{0BE74E2C-C92A-4C5B-A3D6-5E20CFAB9B49}"
EndProject
Project("{8BC9CEB8-8B4A-11D0-8D11-00A0C91BC942}") = "wme_sample_pixel", "..\plugin\wme_sample_pixel\wme_sample_pixel.vcproj", "{35EC6BF2-BB1D-46CD-8BCD-8D1EAB3F256A}"
EndProject
Project("{8BC9CEB8-8B4A-11D0-8D11-00A0C91BC942}") = "ProjectMan", "..\ProjectMan\ProjectMan.vcproj", "{7AAC312A-DD8C-4AC1-9015-1B2A8F32A8D2}"
	ProjectSection(ProjectDependencies) = postProject
		{72011C29-C7CA-4699-A8EE-282E7DAF64FE} = {72011C29-C7CA-4699-A8EE-282E7DAF64FE}
		{2F880492-116C-45EF-BEFA-C3E4094D6829} = {2F880492-116C-45EF-BEFA-C3E4094D6829}
	EndProjectSection
EndProject
Project("{8BC9CEB8-8B4A-11D0-8D11-00A0C91BC942}") = "SceneEdit", "..\SceneEdit\SceneEdit.vcproj", "{5E423D52-19AD-4413-9C1A-A7071CDE3FBD}"
	ProjectSection(ProjectDependencies) = postProject
		{72011C29-C7CA-4699-A8EE-282E7DAF64FE} = {72011C29-C7CA-4699-A8EE-282E7DAF64FE}
		{2F880492-116C-45EF-BEFA-C3E4094D6829} = {2F880492-116C-45EF-BEFA-C3E4094D6829}
	EndProjectSection
EndProject
Project("{8BC9CEB8-8B4A-11D0-8D11-00A0C91BC942}") = "settings", "..\settings\settings.vcproj", "{E2C0721A-B957-449A-84D2-6CEDFC50B908}"
EndProject
Project("{8BC9CEB8-8B4A-11D0-8D11-00A0C91BC942}") = "SpriteEdit", "..\SpriteEdit\SpriteEdit.vcproj", "{9C5AD718-EE98-4F55-B4D5-4E7B9012D13B}"
	ProjectSection(ProjectDependencies) = postProject
		{72011C29-C7CA-4699-A8EE-282E7DAF64FE} = {72011C29-C7CA-4699-A8EE-282E7DAF64FE}
		{2F880492-116C-45EF-BEFA-C3E4094D6829} = {2F880492-116C-45EF-BEFA-C3E4094D6829}
	EndProjectSection
EndProject
Project("{8BC9CEB8-8B4A-11D0-8D11-00A0C91BC942}") = "wme", "..\wme\wme.vcproj", "{37F0B3F2-4470-4AF6-8739-AE084AD577FE}"
	ProjectSection(ProjectDependencies) = postProject
		{72011C29-C7CA-4699-A8EE-282E7DAF64FE} = {72011C29-C7CA-4699-A8EE-282E7DAF64FE}
		{2F880492-116C-45EF-BEFA-C3E4094D6829} = {2F880492-116C-45EF-BEFA-C3E4094D6829}
	EndProjectSection
EndProject
Project("{8BC9CEB8-8B4A-11D0-8D11-00A0C91BC942}") = "wme_comp", "..\wme_comp\wme_comp.vcproj", "{27B27BE4-2A0C-4059-8515-A63FE3C575CA}"
EndProject
Project("{8BC9CEB8-8B4A-11D0-8D11-00A0C91BC942}") = "wme_console", "..\wme_console\wme_console\wme_console.vcproj", "{54114EFB-D36E-4109-A530-B57AE0245AFB}"
EndProject
Project("{FAE04EC0-301F-11D3-BF4B-00C04F79EFBC}") = "DeadCode.WME.Debugger", "..\wme_console\Deadcode.WME.Debugger\DeadCode.WME.Debugger.csproj", "{C3E156C3-F039-4104-90F7-651CB406EACF}"
EndProject
Project("{8BC9CEB8-8B4A-11D0-8D11-00A0C91BC942}") = "wme_ad", "..\engine_core\wme_ad\wme_ad.vcproj", "{2F880492-116C-45EF-BEFA-C3E4094D6829}"
	ProjectSection(ProjectDependencies) = postProject
		{72011C29-C7CA-4699-A8EE-282E7DAF64FE} = {72011C29-C7CA-4699-A8EE-282E7DAF64FE}
	EndProjectSection
EndProject
Project("{8BC9CEB8-8B4A-11D0-8D11-00A0C91BC942}") = "wme_base", "..\engine_core\wme_base\wme_base.vcproj", "{72011C29-C7CA-4699-A8EE-282E7DAF64FE}"
EndProject
Project("{FAE04EC0-301F-11D3-BF4B-00C04F79EFBC}") = "StringTableMgr", "..\StringTableMgr\StringTableMgr\StringTableMgr.csproj", "{F7101333-8CF6-43B1-A5B2-A5369FD5638E}"
EndProject
Project("{FAE04EC0-301F-11D3-BF4B-00C04F79EFBC}") = "Global", "..\asm\Global\Global\Global.csproj", "{DA8FF13F-661C-48CE-8060-0CEB05033923}"
EndProject
Project("{FAE04EC0-301F-11D3-BF4B-00C04F79EFBC}") = "ScriptParser", "..\asm\ScriptParser\ScriptParser\ScriptParser.csproj", "{F0006A00-4159-464D-85BE-CAEE4C220B01}"
EndProject
Project("{8BC9CEB8-8B4A-11D0-8D11-00A0C91BC942}") = "WmeWrapper", "..\asm\WmeWrapper\WmeWrapper\WmeWrapper.vcproj", "{889EDAED-6C28-41D7-9C20-0E58AE09B2E4}"
EndProject
Project("{FAE04EC0-301F-11D3-BF4B-00C04F79EFBC}") = "DocMaker", "..\asm\DocMaker\DocMaker\DocMaker.csproj", "{472A4C7D-EAA0-4549-B06B-7539C98F8AA4}"
EndProject
Project("{8BC9CEB8-8B4A-11D0-8D11-00A0C91BC942}") = "scite", "..\scite\scite.vcproj", "{E56B3AC3-EBF6-4D06-BD57-90BE41A182FC}"
EndProject
Project("{FAE04EC0-301F-11D3-BF4B-00C04F79EFBC}") = "Integrator", "..\Integrator\Integrator\Integrator.csproj", "{863A45BF-1796-4616-BCC0-8565320B61FB}"
EndProject
Project("{8BC9CEB8-8B4A-11D0-8D11-00A0C91BC942}") = "wme_report", "..\wme_report\wme_report\wme_report.vcproj", "{7D0643A7-2712-481F-8F69-F6A2289F9C57}"
EndProject
Project("{FAE04EC0-301F-11D3-BF4B-00C04F79EFBC}") = "WindowEdit", "..\WindowEdit\WindowEdit\WindowEdit.csproj", "{885F5149-C610-4B96-B02F-57F1493BBF8D}"
EndProject
Project("{FAE04EC0-301F-11D3-BF4B-00C04F79EFBC}") = "ControlsNew", "..\asm\ControlsNew\ControlsNew\ControlsNew.csproj", "{70775545-71C0-4EF7-A4F5-A016A943576C}"
EndProject
Global
	GlobalSection(SolutionConfigurationPlatforms) = preSolution
		Debug|Any CPU = Debug|Any CPU
		Debug|Mixed Platforms = Debug|Mixed Platforms
		Debug|Win32 = Debug|Win32
		Release|Any CPU = Release|Any CPU
		Release|Mixed Platforms = Release|Mixed Platforms
		Release|Win32 = Release|Win32
		ReleaseD3D9|Any CPU = ReleaseD3D9|Any CPU
		ReleaseD3D9|Mixed Platforms = ReleaseD3D9|Mixed Platforms
		ReleaseD3D9|Win32 = ReleaseD3D9|Win32
	EndGlobalSection
	GlobalSection(ProjectConfigurationPlatforms) = postSolution
		{24C529EF-0112-480E-B71A-CFDE754CABAF}.Debug|Any CPU.ActiveCfg = Debug|Win32
		{24C529EF-0112-480E-B71A-CFDE754CABAF}.Debug|Mixed Platforms.ActiveCfg = Debug|Win32
		{24C529EF-0112-480E-B71A-CFDE754CABAF}.Debug|Mixed Platforms.Build.0 = Debug|Win32
		{24C529EF-0112-480E-B71A-CFDE754CABAF}.Debug|Win32.ActiveCfg = Debug|Win32
		{24C529EF-0112-480E-B71A-CFDE754CABAF}.Debug|Win32.Build.0 = Debug|Win32
		{24C529EF-0112-480E-B71A-CFDE754CABAF}.Release|Any CPU.ActiveCfg = Release|Win32
		{24C529EF-0112-480E-B71A-CFDE754CABAF}.Release|Mixed Platforms.ActiveCfg = Release|Win32
		{24C529EF-0112-480E-B71A-CFDE754CABAF}.Release|Mixed Platforms.Build.0 = Release|Win32
		{24C529EF-0112-480E-B71A-CFDE754CABAF}.Release|Win32.ActiveCfg = Release|Win32
		{24C529EF-0112-480E-B71A-CFDE754CABAF}.Release|Win32.Build.0 = Release|Win32
		{24C529EF-0112-480E-B71A-CFDE754CABAF}.ReleaseD3D9|Any CPU.ActiveCfg = Release|Win32
		{24C529EF-0112-480E-B71A-CFDE754CABAF}.ReleaseD3D9|Mixed Platforms.ActiveCfg = Release|Win32
		{24C529EF-0112-480E-B71A-CFDE754CABAF}.ReleaseD3D9|Mixed Platforms.Build.0 = Release|Win32
		{24C529EF-0112-480E-B71A-CFDE754CABAF}.ReleaseD3D9|Win32.ActiveCfg = Release|Win32
		{24C529EF-0112-480E-B71A-CFDE754CABAF}.ReleaseD3D9|Win32.Build.0 = Release|Win32
		{0BE74E2C-C92A-4C5B-A3D6-5E20CFAB9B49}.Debug|Any CPU.ActiveCfg = Debug|Win32
		{0BE74E2C-C92A-4C5B-A3D6-5E20CFAB9B49}.Debug|Mixed Platforms.ActiveCfg = Debug|Win32
		{0BE74E2C-C92A-4C5B-A3D6-5E20CFAB9B49}.Debug|Mixed Platforms.Build.0 = Debug|Win32
		{0BE74E2C-C92A-4C5B-A3D6-5E20CFAB9B49}.Debug|Win32.ActiveCfg = Debug|Win32
		{0BE74E2C-C92A-4C5B-A3D6-5E20CFAB9B49}.Debug|Win32.Build.0 = Debug|Win32
		{0BE74E2C-C92A-4C5B-A3D6-5E20CFAB9B49}.Release|Any CPU.ActiveCfg = Release|Win32
		{0BE74E2C-C92A-4C5B-A3D6-5E20CFAB9B49}.Release|Mixed Platforms.ActiveCfg = Release|Win32
		{0BE74E2C-C92A-4C5B-A3D6-5E20CFAB9B49}.Release|Mixed Platforms.Build.0 = Release|Win32
		{0BE74E2C-C92A-4C5B-A3D6-5E20CFAB9B49}.Release|Win32.ActiveCfg = Release|Win32
		{0BE74E2C-C92A-4C5B-A3D6-5E20CFAB9B49}.Release|Win32.Build.0 = Release|Win32
		{0BE74E2C-C92A-4C5B-A3D6-5E20CFAB9B49}.ReleaseD3D9|Any CPU.ActiveCfg = Release|Win32
		{0BE74E2C-C92A-4C5B-A3D6-5E20CFAB9B49}.ReleaseD3D9|Mixed Platforms.ActiveCfg = Release|Win32
		{0BE74E2C-C92A-4C5B-A3D6-5E20CFAB9B49}.ReleaseD3D9|Win32.ActiveCfg = Release|Win32
		{0BE74E2C-C92A-4C5B-A3D6-5E20CFAB9B49}.ReleaseD3D9|Win32.Build.0 = Release|Win32
		{35EC6BF2-BB1D-46CD-8BCD-8D1EAB3F256A}.Debug|Any CPU.ActiveCfg = Debug|Win32
		{35EC6BF2-BB1D-46CD-8BCD-8D1EAB3F256A}.Debug|Mixed Platforms.ActiveCfg = Debug|Win32
		{35EC6BF2-BB1D-46CD-8BCD-8D1EAB3F256A}.Debug|Mixed Platforms.Build.0 = Debug|Win32
		{35EC6BF2-BB1D-46CD-8BCD-8D1EAB3F256A}.Debug|Win32.ActiveCfg = Debug|Win32
		{35EC6BF2-BB1D-46CD-8BCD-8D1EAB3F256A}.Debug|Win32.Build.0 = Debug|Win32
		{35EC6BF2-BB1D-46CD-8BCD-8D1EAB3F256A}.Release|Any CPU.ActiveCfg = Release|Win32
		{35EC6BF2-BB1D-46CD-8BCD-8D1EAB3F256A}.Release|Mixed Platforms.ActiveCfg = Release|Win32
		{35EC6BF2-BB1D-46CD-8BCD-8D1EAB3F256A}.Release|Mixed Platforms.Build.0 = Release|Win32
		{35EC6BF2-BB1D-46CD-8BCD-8D1EAB3F256A}.Release|Win32.ActiveCfg = Release|Win32
		{35EC6BF2-BB1D-46CD-8BCD-8D1EAB3F256A}.Release|Win32.Build.0 = Release|Win32
		{35EC6BF2-BB1D-46CD-8BCD-8D1EAB3F256A}.ReleaseD3D9|Any CPU.ActiveCfg = Release|Win32
		{35EC6BF2-BB1D-46CD-8BCD-8D1EAB3F256A}.ReleaseD3D9|Mixed Platforms.ActiveCfg = Release|Win32
		{35EC6BF2-BB1D-46CD-8BCD-8D1EAB3F256A}.ReleaseD3D9|Win32.ActiveCfg = Release|Win32
		{35EC6BF2-BB1D-46CD-8BCD-8D1EAB3F256A}.ReleaseD3D9|Win32.Build.0 = Release|Win32
		{7AAC312A-DD8C-4AC1-9015-1B2A8F32A8D2}.Debug|Any CPU.ActiveCfg = Debug|Win32
		{7AAC312A-DD8C-4AC1-9015-1B2A8F32A8D2}.Debug|Mixed Platforms.ActiveCfg = Debug|Win32
		{7AAC312A-DD8C-4AC1-9015-1B2A8F32A8D2}.Debug|Mixed Platforms.Build.0 = Debug|Win32
		{7AAC312A-DD8C-4AC1-9015-1B2A8F32A8D2}.Debug|Win32.ActiveCfg = Debug|Win32
		{7AAC312A-DD8C-4AC1-9015-1B2A8F32A8D2}.Debug|Win32.Build.0 = Debug|Win32
		{7AAC312A-DD8C-4AC1-9015-1B2A8F32A8D2}.Release|Any CPU.ActiveCfg = Release|Win32
		{7AAC312A-DD8C-4AC1-9015-1B2A8F32A8D2}.Release|Mixed Platforms.ActiveCfg = Release|Win32
		{7AAC312A-DD8C-4AC1-9015-1B2A8F32A8D2}.Release|Mixed Platforms.Build.0 = Release|Win32
		{7AAC312A-DD8C-4AC1-9015-1B2A8F32A8D2}.Release|Win32.ActiveCfg = Release|Win32
		{7AAC312A-DD8C-4AC1-9015-1B2A8F32A8D2}.Release|Win32.Build.0 = Release|Win32
		{7AAC312A-DD8C-4AC1-9015-1B2A8F32A8D2}.ReleaseD3D9|Any CPU.ActiveCfg = Release|Win32
		{7AAC312A-DD8C-4AC1-9015-1B2A8F32A8D2}.ReleaseD3D9|Mixed Platforms.ActiveCfg = ReleaseD3D9|Win32
		{7AAC312A-DD8C-4AC1-9015-1B2A8F32A8D2}.ReleaseD3D9|Mixed Platforms.Build.0 = ReleaseD3D9|Win32
		{7AAC312A-DD8C-4AC1-9015-1B2A8F32A8D2}.ReleaseD3D9|Win32.ActiveCfg = Release|Win32
		{7AAC312A-DD8C-4AC1-9015-1B2A8F32A8D2}.ReleaseD3D9|Win32.Build.0 = Release|Win32
		{5E423D52-19AD-4413-9C1A-A7071CDE3FBD}.Debug|Any CPU.ActiveCfg = Debug|Win32
		{5E423D52-19AD-4413-9C1A-A7071CDE3FBD}.Debug|Mixed Platforms.ActiveCfg = Debug|Win32
		{5E423D52-19AD-4413-9C1A-A7071CDE3FBD}.Debug|Mixed Platforms.Build.0 = Debug|Win32
		{5E423D52-19AD-4413-9C1A-A7071CDE3FBD}.Debug|Win32.ActiveCfg = Debug|Win32
		{5E423D52-19AD-4413-9C1A-A7071CDE3FBD}.Debug|Win32.Build.0 = Debug|Win32
		{5E423D52-19AD-4413-9C1A-A7071CDE3FBD}.Release|Any CPU.ActiveCfg = Release|Win32
		{5E423D52-19AD-4413-9C1A-A7071CDE3FBD}.Release|Mixed Platforms.ActiveCfg = Release|Win32
		{5E423D52-19AD-4413-9C1A-A7071CDE3FBD}.Release|Mixed Platforms.Build.0 = Release|Win32
		{5E423D52-19AD-4413-9C1A-A7071CDE3FBD}.Release|Win32.ActiveCfg = Release|Win32
		{5E423D52-19AD-4413-9C1A-A7071CDE3FBD}.Release|Win32.Build.0 = Release|Win32
		{5E423D52-19AD-4413-9C1A-A7071CDE3FBD}.ReleaseD3D9|Any CPU.ActiveCfg = Release|Win32
		{5E423D52-19AD-4413-9C1A-A7071CDE3FBD}.ReleaseD3D9|Mixed Platforms.ActiveCfg = ReleaseD3D9|Win32
		{5E423D52-19AD-4413-9C1A-A7071CDE3FBD}.ReleaseD3D9|Mixed Platforms.Build.0 = ReleaseD3D9|Win32
		{5E423D52-19AD-4413-9C1A-A7071CDE3FBD}.ReleaseD3D9|Win32.ActiveCfg = Release|Win32
		{5E423D52-19AD-4413-9C1A-A7071CDE3FBD}.ReleaseD3D9|Win32.Build.0 = Release|Win32
		{E2C0721A-B957-449A-84D2-6CEDFC50B908}.Debug|Any CPU.ActiveCfg = Debug|Win32
		{E2C0721A-B957-449A-84D2-6CEDFC50B908}.Debug|Mixed Platforms.ActiveCfg = Debug|Win32
		{E2C0721A-B957-449A-84D2-6CEDFC50B908}.Debug|Mixed Platforms.Build.0 = Debug|Win32
		{E2C0721A-B957-449A-84D2-6CEDFC50B908}.Debug|Win32.ActiveCfg = Debug|Win32
		{E2C0721A-B957-449A-84D2-6CEDFC50B908}.Debug|Win32.Build.0 = Debug|Win32
		{E2C0721A-B957-449A-84D2-6CEDFC50B908}.Release|Any CPU.ActiveCfg = Release|Win32
		{E2C0721A-B957-449A-84D2-6CEDFC50B908}.Release|Mixed Platforms.ActiveCfg = Release|Win32
		{E2C0721A-B957-449A-84D2-6CEDFC50B908}.Release|Mixed Platforms.Build.0 = Release|Win32
		{E2C0721A-B957-449A-84D2-6CEDFC50B908}.Release|Win32.ActiveCfg = Release|Win32
		{E2C0721A-B957-449A-84D2-6CEDFC50B908}.Release|Win32.Build.0 = Release|Win32
		{E2C0721A-B957-449A-84D2-6CEDFC50B908}.ReleaseD3D9|Any CPU.ActiveCfg = Release|Win32
		{E2C0721A-B957-449A-84D2-6CEDFC50B908}.ReleaseD3D9|Mixed Platforms.ActiveCfg = Release|Win32
		{E2C0721A-B957-449A-84D2-6CEDFC50B908}.ReleaseD3D9|Win32.ActiveCfg = Release|Win32
		{E2C0721A-B957-449A-84D2-6CEDFC50B908}.ReleaseD3D9|Win32.Build.0 = Release|Win32
		{9C5AD718-EE98-4F55-B4D5-4E7B9012D13B}.Debug|Any CPU.ActiveCfg = Debug|Win32
		{9C5AD718-EE98-4F55-B4D5-4E7B9012D13B}.Debug|Mixed Platforms.ActiveCfg = Debug|Win32
		{9C5AD718-EE98-4F55-B4D5-4E7B9012D13B}.Debug|Mixed Platforms.Build.0 = Debug|Win32
		{9C5AD718-EE98-4F55-B4D5-4E7B9012D13B}.Debug|Win32.ActiveCfg = Debug|Win32
		{9C5AD718-EE98-4F55-B4D5-4E7B9012D13B}.Debug|Win32.Build.0 = Debug|Win32
		{9C5AD718-EE98-4F55-B4D5-4E7B9012D13B}.Release|Any CPU.ActiveCfg = Release|Win32
		{9C5AD718-EE98-4F55-B4D5-4E7B9012D13B}.Release|Mixed Platforms.ActiveCfg = Release|Win32
		{9C5AD718-EE98-4F55-B4D5-4E7B9012D13B}.Release|Mixed Platforms.Build.0 = Release|Win32
		{9C5AD718-EE98-4F55-B4D5-4E7B9012D13B}.Release|Win32.ActiveCfg = Release|Win32
		{9C5AD718-EE98-4F55-B4D5-4E7B9012D13B}.Release|Win32.Build.0 = Release|Win32
		{9C5AD718-EE98-4F55-B4D5-4E7B9012D13B}.ReleaseD3D9|Any CPU.ActiveCfg = Release|Win32
		{9C5AD718-EE98-4F55-B4D5-4E7B9012D13B}.ReleaseD3D9|Mixed Platforms.ActiveCfg = Release|Win32
		{9C5AD718-EE98-4F55-B4D5-4E7B9012D13B}.ReleaseD3D9|Win32.ActiveCfg = Release|Win32
		{9C5AD718-EE98-4F55-B4D5-4E7B9012D13B}.ReleaseD3D9|Win32.Build.0 = Release|Win32
		{37F0B3F2-4470-4AF6-8739-AE084AD577FE}.Debug|Any CPU.ActiveCfg = Debug|Win32
		{37F0B3F2-4470-4AF6-8739-AE084AD577FE}.Debug|Mixed Platforms.ActiveCfg = Debug|Win32
		{37F0B3F2-4470-4AF6-8739-AE084AD577FE}.Debug|Mixed Platforms.Build.0 = Debug|Win32
		{37F0B3F2-4470-4AF6-8739-AE084AD577FE}.Debug|Win32.ActiveCfg = Debug|Win32
		{37F0B3F2-4470-4AF6-8739-AE084AD577FE}.Debug|Win32.Build.0 = Debug|Win32
		{37F0B3F2-4470-4AF6-8739-AE084AD577FE}.Release|Any CPU.ActiveCfg = Release|Win32
		{37F0B3F2-4470-4AF6-8739-AE084AD577FE}.Release|Mixed Platforms.ActiveCfg = Release|Win32
		{37F0B3F2-4470-4AF6-8739-AE084AD577FE}.Release|Mixed Platforms.Build.0 = Release|Win32
		{37F0B3F2-4470-4AF6-8739-AE084AD577FE}.Release|Win32.ActiveCfg = Release|Win32
		{37F0B3F2-4470-4AF6-8739-AE084AD577FE}.Release|Win32.Build.0 = Release|Win32
		{37F0B3F2-4470-4AF6-8739-AE084AD577FE}.ReleaseD3D9|Any CPU.ActiveCfg = Release|Win32
		{37F0B3F2-4470-4AF6-8739-AE084AD577FE}.ReleaseD3D9|Mixed Platforms.ActiveCfg = ReleaseD3D9|Win32
		{37F0B3F2-4470-4AF6-8739-AE084AD577FE}.ReleaseD3D9|Mixed Platforms.Build.0 = ReleaseD3D9|Win32
		{37F0B3F2-4470-4AF6-8739-AE084AD577FE}.ReleaseD3D9|Win32.ActiveCfg = Release|Win32
		{37F0B3F2-4470-4AF6-8739-AE084AD577FE}.ReleaseD3D9|Win32.Build.0 = Release|Win32
		{27B27BE4-2A0C-4059-8515-A63FE3C575CA}.Debug|Any CPU.ActiveCfg = Debug|Win32
		{27B27BE4-2A0C-4059-8515-A63FE3C575CA}.Debug|Mixed Platforms.ActiveCfg = Debug|Win32
		{27B27BE4-2A0C-4059-8515-A63FE3C575CA}.Debug|Mixed Platforms.Build.0 = Debug|Win32
		{27B27BE4-2A0C-4059-8515-A63FE3C575CA}.Debug|Win32.ActiveCfg = Debug|Win32
		{27B27BE4-2A0C-4059-8515-A63FE3C575CA}.Debug|Win32.Build.0 = Debug|Win32
		{27B27BE4-2A0C-4059-8515-A63FE3C575CA}.Release|Any CPU.ActiveCfg = Release|Win32
		{27B27BE4-2A0C-4059-8515-A63FE3C575CA}.Release|Mixed Platforms.ActiveCfg = Release|Win32
		{27B27BE4-2A0C-4059-8515-A63FE3C575CA}.Release|Mixed Platforms.Build.0 = Release|Win32
		{27B27BE4-2A0C-4059-8515-A63FE3C575CA}.Release|Win32.ActiveCfg = Release|Win32
		{27B27BE4-2A0C-4059-8515-A63FE3C575CA}.Release|Win32.Build.0 = Release|Win32
		{27B27BE4-2A0C-4059-8515-A63FE3C575CA}.ReleaseD3D9|Any CPU.ActiveCfg = Release|Win32
		{27B27BE4-2A0C-4059-8515-A63FE3C575CA}.ReleaseD3D9|Mixed Platforms.ActiveCfg = Release|Win32
		{27B27BE4-2A0C-4059-8515-A63FE3C575CA}.ReleaseD3D9|Win32.ActiveCfg = Release|Win32
		{27B27BE4-2A0C-4059-8515-A63FE3C575CA}.ReleaseD3D9|Win32.Build.0 = Release|Win32
		{54114EFB-D36E-4109-A530-B57AE0245AFB}.Debug|Any CPU.ActiveCfg = Debug|Win32
		{54114EFB-D36E-4109-A530-B57AE0245AFB}.Debug|Mixed Platforms.ActiveCfg = Debug|Win32
		{54114EFB-D36E-4109-A530-B57AE0245AFB}.Debug|Mixed Platforms.Build.0 = Debug|Win32
		{54114EFB-D36E-4109-A530-B57AE0245AFB}.Debug|Win32.ActiveCfg = Debug|Win32
		{54114EFB-D36E-4109-A530-B57AE0245AFB}.Debug|Win32.Build.0 = Debug|Win32
		{54114EFB-D36E-4109-A530-B57AE0245AFB}.Release|Any CPU.ActiveCfg = Release|Win32
		{54114EFB-D36E-4109-A530-B57AE0245AFB}.Release|Mixed Platforms.ActiveCfg = Release|Win32
		{54114EFB-D36E-4109-A530-B57AE0245AFB}.Release|Mixed Platforms.Build.0 = Release|Win32
		{54114EFB-D36E-4109-A530-B57AE0245AFB}.Release|Win32.ActiveCfg = Release|Win32
		{54114EFB-D36E-4109-A530-B57AE0245AFB}.Release|Win32.Build.0 = Release|Win32
		{54114EFB-D36E-4109-A530-B57AE0245AFB}.ReleaseD3D9|Any CPU.ActiveCfg = Release|Win32
		{54114EFB-D36E-4109-A530-B57AE0245AFB}.ReleaseD3D9|Mixed Platforms.ActiveCfg = Release|Win32
		{54114EFB-D36E-4109-A530-B57AE0245AFB}.ReleaseD3D9|Win32.ActiveCfg = Release|Win32
		{54114EFB-D36E-4109-A530-B57AE0245AFB}.ReleaseD3D9|Win32.Build.0 = Release|Win32
		{C3E156C3-F039-4104-90F7-651CB406EACF}.Debug|Any CPU.ActiveCfg = Debug|Any CPU
		{C3E156C3-F039-4104-90F7-651CB406EACF}.Debug|Any CPU.Build.0 = Debug|Any CPU
		{C3E156C3-F039-4104-90F7-651CB406EACF}.Debug|Mixed Platforms.ActiveCfg = Debug|Any CPU
		{C3E156C3-F039-4104-90F7-651CB406EACF}.Debug|Mixed Platforms.Build.0 = Debug|Any CPU
		{C3E156C3-F039-4104-90F7-651CB406EACF}.Debug|Win32.ActiveCfg = Debug|Any CPU
		{C3E156C3-F039-4104-90F7-651CB406EACF}.Release|Any CPU.ActiveCfg = Release|Any CPU
		{C3E156C3-F039-4104-90F7-651CB406EACF}.Release|Any CPU.Build.0 = Release|Any CPU
		{C3E156C3-F039-4104-90F7-651CB406EACF}.Release|Mixed Platforms.ActiveCfg = Release|Any CPU
		{C3E156C3-F039-4104-90F7-651CB406EACF}.Release|Mixed Platforms.Build.0 = Release|Any CPU
		{C3E156C3-F039-4104-90F7-651CB406EACF}.Release|Win32.ActiveCfg = Release|Any CPU
		{C3E156C3-F039-4104-90F7-651CB406EACF}.ReleaseD3D9|Any CPU.ActiveCfg = Release|Any CPU
		{C3E156C3-F039-4104-90F7-651CB406EACF}.ReleaseD3D9|Any CPU.Build.0 = Release|Any CPU
		{C3E156C3-F039-4104-90F7-651CB406EACF}.ReleaseD3D9|Mixed Platforms.ActiveCfg = Release|Any CPU
		{C3E156C3-F039-4104-90F7-651CB406EACF}.ReleaseD3D9|Mixed Platforms.Build.0 = Release|Any CPU
		{C3E156C3-F039-4104-90F7-651CB406EACF}.ReleaseD3D9|Win32.ActiveCfg = Release|Any CPU
		{2F880492-116C-45EF-BEFA-C3E4094D6829}.Debug|Any CPU.ActiveCfg = Debug|Win32
		{2F880492-116C-45EF-BEFA-C3E4094D6829}.Debug|Mixed Platforms.ActiveCfg = Debug|Win32
		{2F880492-116C-45EF-BEFA-C3E4094D6829}.Debug|Mixed Platforms.Build.0 = Debug|Win32
		{2F880492-116C-45EF-BEFA-C3E4094D6829}.Debug|Win32.ActiveCfg = Debug|Win32
		{2F880492-116C-45EF-BEFA-C3E4094D6829}.Debug|Win32.Build.0 = Debug|Win32
		{2F880492-116C-45EF-BEFA-C3E4094D6829}.Release|Any CPU.ActiveCfg = Release|Win32
		{2F880492-116C-45EF-BEFA-C3E4094D6829}.Release|Mixed Platforms.ActiveCfg = Release|Win32
		{2F880492-116C-45EF-BEFA-C3E4094D6829}.Release|Mixed Platforms.Build.0 = Release|Win32
		{2F880492-116C-45EF-BEFA-C3E4094D6829}.Release|Win32.ActiveCfg = Release|Win32
		{2F880492-116C-45EF-BEFA-C3E4094D6829}.Release|Win32.Build.0 = Release|Win32
		{2F880492-116C-45EF-BEFA-C3E4094D6829}.ReleaseD3D9|Any CPU.ActiveCfg = Release|Win32
		{2F880492-116C-45EF-BEFA-C3E4094D6829}.ReleaseD3D9|Mixed Platforms.ActiveCfg = ReleaseD3D9|Win32
		{2F880492-116C-45EF-BEFA-C3E4094D6829}.ReleaseD3D9|Mixed Platforms.Build.0 = ReleaseD3D9|Win32
		{2F880492-116C-45EF-BEFA-C3E4094D6829}.ReleaseD3D9|Win32.ActiveCfg = Release|Win32
		{2F880492-116C-45EF-BEFA-C3E4094D6829}.ReleaseD3D9|Win32.Build.0 = Release|Win32
		{72011C29-C7CA-4699-A8EE-282E7DAF64FE}.Debug|Any CPU.ActiveCfg = Debug|Win32
		{72011C29-C7CA-4699-A8EE-282E7DAF64FE}.Debug|Mixed Platforms.ActiveCfg = Debug|Win32
		{72011C29-C7CA-4699-A8EE-282E7DAF64FE}.Debug|Mixed Platforms.Build.0 = Debug|Win32
		{72011C29-C7CA-4699-A8EE-282E7DAF64FE}.Debug|Win32.ActiveCfg = Debug|Win32
		{72011C29-C7CA-4699-A8EE-282E7DAF64FE}.Debug|Win32.Build.0 = Debug|Win32
		{72011C29-C7CA-4699-A8EE-282E7DAF64FE}.Release|Any CPU.ActiveCfg = Release|Win32
		{72011C29-C7CA-4699-A8EE-282E7DAF64FE}.Release|Mixed Platforms.ActiveCfg = Release|Win32
		{72011C29-C7CA-4699-A8EE-282E7DAF64FE}.Release|Mixed Platforms.Build.0 = Release|Win32
		{72011C29-C7CA-4699-A8EE-282E7DAF64FE}.Release|Win32.ActiveCfg = Release|Win32
		{72011C29-C7CA-4699-A8EE-282E7DAF64FE}.Release|Win32.Build.0 = Release|Win32
		{72011C29-C7CA-4699-A8EE-282E7DAF64FE}.ReleaseD3D9|Any CPU.ActiveCfg = Release|Win32
		{72011C29-C7CA-4699-A8EE-282E7DAF64FE}.ReleaseD3D9|Mixed Platforms.ActiveCfg = ReleaseD3D9|Win32
		{72011C29-C7CA-4699-A8EE-282E7DAF64FE}.ReleaseD3D9|Mixed Platforms.Build.0 = ReleaseD3D9|Win32
		{72011C29-C7CA-4699-A8EE-282E7DAF64FE}.ReleaseD3D9|Win32.ActiveCfg = Release|Win32
		{72011C29-C7CA-4699-A8EE-282E7DAF64FE}.ReleaseD3D9|Win32.Build.0 = Release|Win32
		{F7101333-8CF6-43B1-A5B2-A5369FD5638E}.Debug|Any CPU.ActiveCfg = Debug|Any CPU
		{F7101333-8CF6-43B1-A5B2-A5369FD5638E}.Debug|Any CPU.Build.0 = Debug|Any CPU
		{F7101333-8CF6-43B1-A5B2-A5369FD5638E}.Debug|Mixed Platforms.ActiveCfg = Debug|Any CPU
		{F7101333-8CF6-43B1-A5B2-A5369FD5638E}.Debug|Mixed Platforms.Build.0 = Debug|Any CPU
		{F7101333-8CF6-43B1-A5B2-A5369FD5638E}.Debug|Win32.ActiveCfg = Debug|Any CPU
		{F7101333-8CF6-43B1-A5B2-A5369FD5638E}.Release|Any CPU.ActiveCfg = Release|Any CPU
		{F7101333-8CF6-43B1-A5B2-A5369FD5638E}.Release|Any CPU.Build.0 = Release|Any CPU
		{F7101333-8CF6-43B1-A5B2-A5369FD5638E}.Release|Mixed Platforms.ActiveCfg = Release|Any CPU
		{F7101333-8CF6-43B1-A5B2-A5369FD5638E}.Release|Mixed Platforms.Build.0 = Release|Any CPU
		{F7101333-8CF6-43B1-A5B2-A5369FD5638E}.Release|Win32.ActiveCfg = Release|Any CPU
		{F7101333-8CF6-43B1-A5B2-A5369FD5638E}.ReleaseD3D9|Any CPU.ActiveCfg = Release|Any CPU
		{F7101333-8CF6-43B1-A5B2-A5369FD5638E}.ReleaseD3D9|Any CPU.Build.0 = Release|Any CPU
		{F7101333-8CF6-43B1-A5B2-A5369FD5638E}.ReleaseD3D9|Mixed Platforms.ActiveCfg = Release|Any CPU
		{F7101333-8CF6-43B1-A5B2-A5369FD5638E}.ReleaseD3D9|Win32.ActiveCfg = Release|Any CPU
		{DA8FF13F-661C-48CE-8060-0CEB05033923}.Debug|Any CPU.ActiveCfg = Debug|Any CPU
		{DA8FF13F-661C-48CE-8060-0CEB05033923}.Debug|Any CPU.Build.0 = Debug|Any CPU
		{DA8FF13F-661C-48CE-8060-0CEB05033923}.Debug|Mixed Platforms.ActiveCfg = Debug|Any CPU
		{DA8FF13F-661C-48CE-8060-0CEB05033923}.Debug|Mixed Platforms.Build.0 = Debug|Any CPU
		{DA8FF13F-661C-48CE-8060-0CEB05033923}.Debug|Win32.ActiveCfg = Debug|Any CPU
		{DA8FF13F-661C-48CE-8060-0CEB05033923}.Release|Any CPU.ActiveCfg = Release|Any CPU
		{DA8FF13F-661C-48CE-8060-0CEB05033923}.Release|Any CPU.Build.0 = Release|Any CPU
		{DA8FF13F-661C-48CE-8060-0CEB05033923}.Release|Mixed Platforms.ActiveCfg = Release|Any CPU
		{DA8FF13F-661C-48CE-8060-0CEB05033923}.Release|Mixed Platforms.Build.0 = Release|Any CPU
		{DA8FF13F-661C-48CE-8060-0CEB05033923}.Release|Win32.ActiveCfg = Release|Any CPU
		{DA8FF13F-661C-48CE-8060-0CEB05033923}.ReleaseD3D9|Any CPU.ActiveCfg = Release|Any CPU
		{DA8FF13F-661C-48CE-8060-0CEB05033923}.ReleaseD3D9|Any CPU.Build.0 = Release|Any CPU
		{DA8FF13F-661C-48CE-8060-0CEB05033923}.ReleaseD3D9|Mixed Platforms.ActiveCfg = Release|Any CPU
		{DA8FF13F-661C-48CE-8060-0CEB05033923}.ReleaseD3D9|Mixed Platforms.Build.0 = Release|Any CPU
		{DA8FF13F-661C-48CE-8060-0CEB05033923}.ReleaseD3D9|Win32.ActiveCfg = Release|Any CPU
		{F0006A00-4159-464D-85BE-CAEE4C220B01}.Debug|Any CPU.ActiveCfg = Debug|Any CPU
		{F0006A00-4159-464D-85BE-CAEE4C220B01}.Debug|Any CPU.Build.0 = Debug|Any CPU
		{F0006A00-4159-464D-85BE-CAEE4C220B01}.Debug|Mixed Platforms.ActiveCfg = Debug|Any CPU
		{F0006A00-4159-464D-85BE-CAEE4C220B01}.Debug|Mixed Platforms.Build.0 = Debug|Any CPU
		{F0006A00-4159-464D-85BE-CAEE4C220B01}.Debug|Win32.ActiveCfg = Debug|Any CPU
		{F0006A00-4159-464D-85BE-CAEE4C220B01}.Release|Any CPU.ActiveCfg = Release|Any CPU
		{F0006A00-4159-464D-85BE-CAEE4C220B01}.Release|Any CPU.Build.0 = Release|Any CPU
		{F0006A00-4159-464D-85BE-CAEE4C220B01}.Release|Mixed Platforms.ActiveCfg = Release|Any CPU
		{F0006A00-4159-464D-85BE-CAEE4C220B01}.Release|Mixed Platforms.Build.0 = Release|Any CPU
		{F0006A00-4159-464D-85BE-CAEE4C220B01}.Release|Win32.ActiveCfg = Release|Any CPU
		{F0006A00-4159-464D-85BE-CAEE4C220B01}.ReleaseD3D9|Any CPU.ActiveCfg = Release|Any CPU
		{F0006A00-4159-464D-85BE-CAEE4C220B01}.ReleaseD3D9|Any CPU.Build.0 = Release|Any CPU
		{F0006A00-4159-464D-85BE-CAEE4C220B01}.ReleaseD3D9|Mixed Platforms.ActiveCfg = Release|Any CPU
		{F0006A00-4159-464D-85BE-CAEE4C220B01}.ReleaseD3D9|Mixed Platforms.Build.0 = Release|Any CPU
		{F0006A00-4159-464D-85BE-CAEE4C220B01}.ReleaseD3D9|Win32.ActiveCfg = Release|Any CPU
		{889EDAED-6C28-41D7-9C20-0E58AE09B2E4}.Debug|Any CPU.ActiveCfg = Debug|Win32
		{889EDAED-6C28-41D7-9C20-0E58AE09B2E4}.Debug|Mixed Platforms.ActiveCfg = Debug|Win32
		{889EDAED-6C28-41D7-9C20-0E58AE09B2E4}.Debug|Mixed Platforms.Build.0 = Debug|Win32
		{889EDAED-6C28-41D7-9C20-0E58AE09B2E4}.Debug|Win32.ActiveCfg = Debug|Win32
		{889EDAED-6C28-41D7-9C20-0E58AE09B2E4}.Debug|Win32.Build.0 = Debug|Win32
		{889EDAED-6C28-41D7-9C20-0E58AE09B2E4}.Release|Any CPU.ActiveCfg = Release|Win32
		{889EDAED-6C28-41D7-9C20-0E58AE09B2E4}.Release|Mixed Platforms.ActiveCfg = Release|Win32
		{889EDAED-6C28-41D7-9C20-0E58AE09B2E4}.Release|Mixed Platforms.Build.0 = Release|Win32
		{889EDAED-6C28-41D7-9C20-0E58AE09B2E4}.Release|Win32.ActiveCfg = Release|Win32
		{889EDAED-6C28-41D7-9C20-0E58AE09B2E4}.Release|Win32.Build.0 = Release|Win32
		{889EDAED-6C28-41D7-9C20-0E58AE09B2E4}.ReleaseD3D9|Any CPU.ActiveCfg = Release|Win32
		{889EDAED-6C28-41D7-9C20-0E58AE09B2E4}.ReleaseD3D9|Mixed Platforms.ActiveCfg = Release|Win32
		{889EDAED-6C28-41D7-9C20-0E58AE09B2E4}.ReleaseD3D9|Win32.ActiveCfg = Release|Win32
		{889EDAED-6C28-41D7-9C20-0E58AE09B2E4}.ReleaseD3D9|Win32.Build.0 = Release|Win32
		{472A4C7D-EAA0-4549-B06B-7539C98F8AA4}.Debug|Any CPU.ActiveCfg = Debug|Any CPU
		{472A4C7D-EAA0-4549-B06B-7539C98F8AA4}.Debug|Any CPU.Build.0 = Debug|Any CPU
		{472A4C7D-EAA0-4549-B06B-7539C98F8AA4}.Debug|Mixed Platforms.ActiveCfg = Debug|Any CPU
		{472A4C7D-EAA0-4549-B06B-7539C98F8AA4}.Debug|Mixed Platforms.Build.0 = Debug|Any CPU
		{472A4C7D-EAA0-4549-B06B-7539C98F8AA4}.Debug|Win32.ActiveCfg = Debug|Any CPU
		{472A4C7D-EAA0-4549-B06B-7539C98F8AA4}.Release|Any CPU.ActiveCfg = Release|Any CPU
		{472A4C7D-EAA0-4549-B06B-7539C98F8AA4}.Release|Any CPU.Build.0 = Release|Any CPU
		{472A4C7D-EAA0-4549-B06B-7539C98F8AA4}.Release|Mixed Platforms.ActiveCfg = Release|Any CPU
		{472A4C7D-EAA0-4549-B06B-7539C98F8AA4}.Release|Mixed Platforms.Build.0 = Release|Any CPU
		{472A4C7D-EAA0-4549-B06B-7539C98F8AA4}.Release|Win32.ActiveCfg = Release|Any CPU
		{472A4C7D-EAA0-4549-B06B-7539C98F8AA4}.ReleaseD3D9|Any CPU.ActiveCfg = Release|Any CPU
		{472A4C7D-EAA0-4549-B06B-7539C98F8AA4}.ReleaseD3D9|Any CPU.Build.0 = Release|Any CPU
		{472A4C7D-EAA0-4549-B06B-7539C98F8AA4}.ReleaseD3D9|Mixed Platforms.ActiveCfg = Release|Any CPU
		{472A4C7D-EAA0-4549-B06B-7539C98F8AA4}.ReleaseD3D9|Mixed Platforms.Build.0 = Release|Any CPU
		{472A4C7D-EAA0-4549-B06B-7539C98F8AA4}.ReleaseD3D9|Win32.ActiveCfg = Release|Any CPU
		{E56B3AC3-EBF6-4D06-BD57-90BE41A182FC}.Debug|Any CPU.ActiveCfg = Debug|Win32
		{E56B3AC3-EBF6-4D06-BD57-90BE41A182FC}.Debug|Mixed Platforms.ActiveCfg = Debug|Win32
		{E56B3AC3-EBF6-4D06-BD57-90BE41A182FC}.Debug|Mixed Platforms.Build.0 = Debug|Win32
		{E56B3AC3-EBF6-4D06-BD57-90BE41A182FC}.Debug|Win32.ActiveCfg = Debug|Win32
		{E56B3AC3-EBF6-4D06-BD57-90BE41A182FC}.Debug|Win32.Build.0 = Debug|Win32
		{E56B3AC3-EBF6-4D06-BD57-90BE41A182FC}.Release|Any CPU.ActiveCfg = Release|Win32
		{E56B3AC3-EBF6-4D06-BD57-90BE41A182FC}.Release|Mixed Platforms.ActiveCfg = Release|Win32
		{E56B3AC3-EBF6-4D06-BD57-90BE41A182FC}.Release|Mixed Platforms.Build.0 = Release|Win32
		{E56B3AC3-EBF6-4D06-BD57-90BE41A182FC}.Release|Win32.ActiveCfg = Release|Win32
		{E56B3AC3-EBF6-4D06-BD57-90BE41A182FC}.Release|Win32.Build.0 = Release|Win32
		{E56B3AC3-EBF6-4D06-BD57-90BE41A182FC}.ReleaseD3D9|Any CPU.ActiveCfg = Release|Win32
		{E56B3AC3-EBF6-4D06-BD57-90BE41A182FC}.ReleaseD3D9|Mixed Platforms.ActiveCfg = Release|Win32
		{E56B3AC3-EBF6-4D06-BD57-90BE41A182FC}.ReleaseD3D9|Mixed Platforms.Build.0 = Release|Win32
		{E56B3AC3-EBF6-4D06-BD57-90BE41A182FC}.ReleaseD3D9|Win32.ActiveCfg = Release|Win32
		{E56B3AC3-EBF6-4D06-BD57-90BE41A182FC}.ReleaseD3D9|Win32.Build.0 = Release|Win32
		{863A45BF-1796-4616-BCC0-8565320B61FB}.Debug|Any CPU.ActiveCfg = Debug|Any CPU
		{863A45BF-1796-4616-BCC0-8565320B61FB}.Debug|Any CPU.Build.0 = Debug|Any CPU
		{863A45BF-1796-4616-BCC0-8565320B61FB}.Debug|Mixed Platforms.ActiveCfg = Debug|Any CPU
		{863A45BF-1796-4616-BCC0-8565320B61FB}.Debug|Mixed Platforms.Build.0 = Debug|Any CPU
		{863A45BF-1796-4616-BCC0-8565320B61FB}.Debug|Win32.ActiveCfg = Debug|Any CPU
		{863A45BF-1796-4616-BCC0-8565320B61FB}.Release|Any CPU.ActiveCfg = Release|Any CPU
		{863A45BF-1796-4616-BCC0-8565320B61FB}.Release|Any CPU.Build.0 = Release|Any CPU
		{863A45BF-1796-4616-BCC0-8565320B61FB}.Release|Mixed Platforms.ActiveCfg = Release|Any CPU
		{863A45BF-1796-4616-BCC0-8565320B61FB}.Release|Mixed Platforms.Build.0 = Release|Any CPU
		{863A45BF-1796-4616-BCC0-8565320B61FB}.Release|Win32.ActiveCfg = Release|Any CPU
		{863A45BF-1796-4616-BCC0-8565320B61FB}.ReleaseD3D9|Any CPU.ActiveCfg = Release|Any CPU
		{863A45BF-1796-4616-BCC0-8565320B61FB}.ReleaseD3D9|Any CPU.Build.0 = Release|Any CPU
		{863A45BF-1796-4616-BCC0-8565320B61FB}.ReleaseD3D9|Mixed Platforms.ActiveCfg = Release|Any CPU
		{863A45BF-1796-4616-BCC0-8565320B61FB}.ReleaseD3D9|Mixed Platforms.Build.0 = Release|Any CPU
		{863A45BF-1796-4616-BCC0-8565320B61FB}.ReleaseD3D9|Win32.ActiveCfg = Release|Any CPU
		{7D0643A7-2712-481F-8F69-F6A2289F9C57}.Debug|Any CPU.ActiveCfg = Debug|Win32
		{7D0643A7-2712-481F-8F69-F6A2289F9C57}.Debug|Mixed Platforms.ActiveCfg = Debug|Win32
		{7D0643A7-2712-481F-8F69-F6A2289F9C57}.Debug|Mixed Platforms.Build.0 = Debug|Win32
		{7D0643A7-2712-481F-8F69-F6A2289F9C57}.Debug|Win32.ActiveCfg = Debug|Win32
		{7D0643A7-2712-481F-8F69-F6A2289F9C57}.Debug|Win32.Build.0 = Debug|Win32
		{7D0643A7-2712-481F-8F69-F6A2289F9C57}.Release|Any CPU.ActiveCfg = Release|Win32
		{7D0643A7-2712-481F-8F69-F6A2289F9C57}.Release|Mixed Platforms.ActiveCfg = Release|Win32
		{7D0643A7-2712-481F-8F69-F6A2289F9C57}.Release|Mixed Platforms.Build.0 = Release|Win32
		{7D0643A7-2712-481F-8F69-F6A2289F9C57}.Release|Win32.ActiveCfg = Release|Win32
		{7D0643A7-2712-481F-8F69-F6A2289F9C57}.Release|Win32.Build.0 = Release|Win32
		{7D0643A7-2712-481F-8F69-F6A2289F9C57}.ReleaseD3D9|Any CPU.ActiveCfg = Release|Win32
		{7D0643A7-2712-481F-8F69-F6A2289F9C57}.ReleaseD3D9|Mixed Platforms.ActiveCfg = Release|Win32
		{7D0643A7-2712-481F-8F69-F6A2289F9C57}.ReleaseD3D9|Win32.ActiveCfg = Release|Win32
		{7D0643A7-2712-481F-8F69-F6A2289F9C57}.ReleaseD3D9|Win32.Build.0 = Release|Win32
		{885F5149-C610-4B96-B02F-57F1493BBF8D}.Debug|Any CPU.ActiveCfg = Debug|Any CPU
		{885F5149-C610-4B96-B02F-57F1493BBF8D}.Debug|Any CPU.Build.0 = Debug|Any CPU
		{885F5149-C610-4B96-B02F-57F1493BBF8D}.Debug|Mixed Platforms.ActiveCfg = Debug|Any CPU
		{885F5149-C610-4B96-B02F-57F1493BBF8D}.Debug|Mixed Platforms.Build.0 = Debug|Any CPU
		{885F5149-C610-4B96-B02F-57F1493BBF8D}.Debug|Win32.ActiveCfg = Debug|Any CPU
		{885F5149-C610-4B96-B02F-57F1493BBF8D}.Release|Any CPU.ActiveCfg = Release|Any CPU
		{885F5149-C610-4B96-B02F-57F1493BBF8D}.Release|Any CPU.Build.0 = Release|Any CPU
		{885F5149-C610-4B96-B02F-57F1493BBF8D}.Release|Mixed Platforms.ActiveCfg = Release|Any CPU
		{885F5149-C610-4B96-B02F-57F1493BBF8D}.Release|Mixed Platforms.Build.0 = Release|Any CPU
		{885F5149-C610-4B96-B02F-57F1493BBF8D}.Release|Win32.ActiveCfg = Release|Any CPU
		{885F5149-C610-4B96-B02F-57F1493BBF8D}.ReleaseD3D9|Any CPU.ActiveCfg = Release|Any CPU
		{885F5149-C610-4B96-B02F-57F1493BBF8D}.ReleaseD3D9|Any CPU.Build.0 = Release|Any CPU
		{885F5149-C610-4B96-B02F-57F1493BBF8D}.ReleaseD3D9|Mixed Platforms.ActiveCfg = Release|Any CPU
		{885F5149-C610-4B96-B02F-57F1493BBF8D}.ReleaseD3D9|Mixed Platforms.Build.0 = Release|Any CPU
		{885F5149-C610-4B96-B02F-57F1493BBF8D}.ReleaseD3D9|Win32.ActiveCfg = Release|Any CPU
		{70775545-71C0-4EF7-A4F5-A016A943576C}.Debug|Any CPU.ActiveCfg = Debug|Any CPU
		{70775545-71C0-4EF7-A4F5-A016A943576C}.Debug|Any CPU.Build.0 = Debug|Any CPU
		{70775545-71C0-4EF7-A4F5-A016A943576C}.Debug|Mixed Platforms.ActiveCfg = Debug|Any CPU
		{70775545-71C0-4EF7-A4F5-A016A943576C}.Debug|Mixed Platforms.Build.0 = Debug|Any CPU
		{70775545-71C0-4EF7-A4F5-A016A943576C}.Debug|Win32.ActiveCfg = Debug|Any CPU
		{70775545-71C0-4EF7-A4F5-A016A943576C}.Release|Any CPU.ActiveCfg = Release|Any CPU
		{70775545-71C0-4EF7-A4F5-A016A943576C}.Release|Any CPU.Build.0 = Release|Any CPU
		{70775545-71C0-4EF7-A4F5-A016A943576C}.Release|Mixed Platforms.ActiveCfg = Release|Any CPU
		{70775545-71C0-4EF7-A4F5-A016A943576C}.Release|Mixed Platforms.Build.0 = Release|Any CPU
		{70775545-71C0-4EF7-A4F5-A016A943576C}.Release|Win32.ActiveCfg = Release|Any CPU
		{70775545-71C0-4EF7-A4F5-A016A943576C}.ReleaseD3D9|Any CPU.ActiveCfg = Release|Any CPU
		{70775545-71C0-4EF7-A4F5-A016A943576C}.ReleaseD3D9|Any CPU.Build.0 = Release|Any CPU
		{70775545-71C0-4EF7-A4F5-A016A943576C}.ReleaseD3D9|Mixed Platforms.ActiveCfg = Release|Any CPU
		{70775545-71C0-4EF7-A4F5-A016A943576C}.ReleaseD3D9|Mixed Platforms.Build.0 = Release|Any CPU
		{70775545-71C0-4EF7-A4F5-A016A943576C}.ReleaseD3D9|Win32.ActiveCfg = Release|Any CPU
	EndGlobalSection
	GlobalSection(SolutionProperties) = preSolution
		HideSolutionNode = FALSE
	EndGlobalSection
EndGlobal
