Microsoft Visual Studio Solution File, Format Version 9.00
# Visual Studio 2005
Project("{8BC9CEB8-8B4A-11D0-8D11-00A0C91BC942}") = "wme_sample_pixel", "wme_sample_pixel.vcproj", "{35EC6BF2-BB1D-46CD-8BCD-8D1EAB3F256A}"
EndProject
Global
	GlobalSection(SolutionConfigurationPlatforms) = preSolution
		Debug|Win32 = Debug|Win32
		Release|Win32 = Release|Win32
	EndGlobalSection
	GlobalSection(ProjectConfigurationPlatforms) = postSolution
		{35EC6BF2-BB1D-46CD-8BCD-8D1EAB3F256A}.Debug|Win32.ActiveCfg = Debug|Win32
		{35EC6BF2-BB1D-46CD-8BCD-8D1EAB3F256A}.Debug|Win32.Build.0 = Debug|Win32
		{35EC6BF2-BB1D-46CD-8BCD-8D1EAB3F256A}.Release|Win32.ActiveCfg = Release|Win32
		{35EC6BF2-BB1D-46CD-8BCD-8D1EAB3F256A}.Release|Win32.Build.0 = Release|Win32
	EndGlobalSection
	GlobalSection(SolutionProperties) = preSolution
		HideSolutionNode = FALSE
	EndGlobalSection
EndGlobal
