
Microsoft Visual Studio Solution File, Format Version 10.00
# Visual Studio 2008
Project("{FAE04EC0-301F-11D3-BF4B-00C04F79EFBC}") = "StringTableMgr", "StringTableMgr\StringTableMgr.csproj", "{F7101333-8CF6-43B1-A5B2-A5369FD5638E}"
	ProjectSection(ProjectDependencies) = postProject
		{F0006A00-4159-464D-85BE-CAEE4C220B01} = {F0006A00-4159-464D-85BE-CAEE4C220B01}
	EndProjectSection
EndProject
Project("{FAE04EC0-301F-11D3-BF4B-00C04F79EFBC}") = "ScriptParser", "..\asm\ScriptParser\ScriptParser\ScriptParser.csproj", "{F0006A00-4159-464D-85BE-CAEE4C220B01}"
EndProject
Project("{FAE04EC0-301F-11D3-BF4B-00C04F79EFBC}") = "Global", "..\asm\Global\Global\Global.csproj", "{DA8FF13F-661C-48CE-8060-0CEB05033923}"
EndProject
Global
	GlobalSection(SolutionConfigurationPlatforms) = preSolution
		Debug|Any CPU = Debug|Any CPU
		Release|Any CPU = Release|Any CPU
	EndGlobalSection
	GlobalSection(ProjectConfigurationPlatforms) = postSolution
		{F7101333-8CF6-43B1-A5B2-A5369FD5638E}.Debug|Any CPU.ActiveCfg = Debug|Any CPU
		{F7101333-8CF6-43B1-A5B2-A5369FD5638E}.Debug|Any CPU.Build.0 = Debug|Any CPU
		{F7101333-8CF6-43B1-A5B2-A5369FD5638E}.Release|Any CPU.ActiveCfg = Release|Any CPU
		{F7101333-8CF6-43B1-A5B2-A5369FD5638E}.Release|Any CPU.Build.0 = Release|Any CPU
		{F0006A00-4159-464D-85BE-CAEE4C220B01}.Debug|Any CPU.ActiveCfg = Debug|Any CPU
		{F0006A00-4159-464D-85BE-CAEE4C220B01}.Debug|Any CPU.Build.0 = Debug|Any CPU
		{F0006A00-4159-464D-85BE-CAEE4C220B01}.Release|Any CPU.ActiveCfg = Release|Any CPU
		{F0006A00-4159-464D-85BE-CAEE4C220B01}.Release|Any CPU.Build.0 = Release|Any CPU
		{DA8FF13F-661C-48CE-8060-0CEB05033923}.Debug|Any CPU.ActiveCfg = Debug|Any CPU
		{DA8FF13F-661C-48CE-8060-0CEB05033923}.Debug|Any CPU.Build.0 = Debug|Any CPU
		{DA8FF13F-661C-48CE-8060-0CEB05033923}.Release|Any CPU.ActiveCfg = Release|Any CPU
		{DA8FF13F-661C-48CE-8060-0CEB05033923}.Release|Any CPU.Build.0 = Release|Any CPU
	EndGlobalSection
	GlobalSection(SolutionProperties) = preSolution
		HideSolutionNode = FALSE
	EndGlobalSection
EndGlobal
