
Microsoft Visual Studio Solution File, Format Version 10.00
# Visual Studio 2008
Project("{8BC9CEB8-8B4A-11D0-8D11-00A0C91BC942}") = "wme_console", "wme_console\wme_console.vcproj", "{54114EFB-D36E-4109-A530-B57AE0245AFB}"
EndProject
Project("{FAE04EC0-301F-11D3-BF4B-00C04F79EFBC}") = "DeadCode.WME.Debugger", "Deadcode.WME.Debugger\DeadCode.WME.Debugger.csproj", "{C3E156C3-F039-4104-90F7-651CB406EACF}"
EndProject
Project("{FAE04EC0-301F-11D3-BF4B-00C04F79EFBC}") = "Global", "..\asm\Global\Global\Global.csproj", "{DA8FF13F-661C-48CE-8060-0CEB05033923}"
EndProject
Project("{FAE04EC0-301F-11D3-BF4B-00C04F79EFBC}") = "Controls", "..\asm\Controls\Controls\Controls.csproj", "{0ABA1163-2E10-4F11-84A8-F7F0AFDA027E}"
EndProject
Project("{FAE04EC0-301F-11D3-BF4B-00C04F79EFBC}") = "DocMaker", "..\asm\DocMaker\DocMaker\DocMaker.csproj", "{472A4C7D-EAA0-4549-B06B-7539C98F8AA4}"
EndProject
Global
	GlobalSection(SolutionConfigurationPlatforms) = preSolution
		Debug|Any CPU = Debug|Any CPU
		Debug|Mixed Platforms = Debug|Mixed Platforms
		Debug|Win32 = Debug|Win32
		Release|Any CPU = Release|Any CPU
		Release|Mixed Platforms = Release|Mixed Platforms
		Release|Win32 = Release|Win32
	EndGlobalSection
	GlobalSection(ProjectConfigurationPlatforms) = postSolution
		{54114EFB-D36E-4109-A530-B57AE0245AFB}.Debug|Any CPU.ActiveCfg = Debug|Win32
		{54114EFB-D36E-4109-A530-B57AE0245AFB}.Debug|Mixed Platforms.ActiveCfg = Debug|Win32
		{54114EFB-D36E-4109-A530-B57AE0245AFB}.Debug|Mixed Platforms.Build.0 = Debug|Win32
		{54114EFB-D36E-4109-A530-B57AE0245AFB}.Debug|Win32.ActiveCfg = Debug|Win32
		{54114EFB-D36E-4109-A530-B57AE0245AFB}.Debug|Win32.Build.0 = Debug|Win32
		{54114EFB-D36E-4109-A530-B57AE0245AFB}.Release|Any CPU.ActiveCfg = Release|Win32
		{54114EFB-D36E-4109-A530-B57AE0245AFB}.Release|Mixed Platforms.ActiveCfg = Release|Win32
		{54114EFB-D36E-4109-A530-B57AE0245AFB}.Release|Mixed Platforms.Build.0 = Release|Win32
		{54114EFB-D36E-4109-A530-B57AE0245AFB}.Release|Win32.ActiveCfg = Release|Win32
		{54114EFB-D36E-4109-A530-B57AE0245AFB}.Release|Win32.Build.0 = Release|Win32
		{C3E156C3-F039-4104-90F7-651CB406EACF}.Debug|Any CPU.ActiveCfg = Debug|Any CPU
		{C3E156C3-F039-4104-90F7-651CB406EACF}.Debug|Any CPU.Build.0 = Debug|Any CPU
		{C3E156C3-F039-4104-90F7-651CB406EACF}.Debug|Mixed Platforms.ActiveCfg = Debug|Any CPU
		{C3E156C3-F039-4104-90F7-651CB406EACF}.Debug|Mixed Platforms.Build.0 = Debug|Any CPU
		{C3E156C3-F039-4104-90F7-651CB406EACF}.Debug|Win32.ActiveCfg = Debug|Any CPU
		{C3E156C3-F039-4104-90F7-651CB406EACF}.Release|Any CPU.ActiveCfg = Release|Any CPU
		{C3E156C3-F039-4104-90F7-651CB406EACF}.Release|Any CPU.Build.0 = Release|Any CPU
		{C3E156C3-F039-4104-90F7-651CB406EACF}.Release|Mixed Platforms.ActiveCfg = Release|Any CPU
		{C3E156C3-F039-4104-90F7-651CB406EACF}.Release|Mixed Platforms.Build.0 = Release|Any CPU
		{C3E156C3-F039-4104-90F7-651CB406EACF}.Release|Win32.ActiveCfg = Release|Any CPU
		{DA8FF13F-661C-48CE-8060-0CEB05033923}.Debug|Any CPU.ActiveCfg = Debug|Any CPU
		{DA8FF13F-661C-48CE-8060-0CEB05033923}.Debug|Any CPU.Build.0 = Debug|Any CPU
		{DA8FF13F-661C-48CE-8060-0CEB05033923}.Debug|Mixed Platforms.ActiveCfg = Debug|Any CPU
		{DA8FF13F-661C-48CE-8060-0CEB05033923}.Debug|Mixed Platforms.Build.0 = Debug|Any CPU
		{DA8FF13F-661C-48CE-8060-0CEB05033923}.Debug|Win32.ActiveCfg = Debug|Any CPU
		{DA8FF13F-661C-48CE-8060-0CEB05033923}.Release|Any CPU.ActiveCfg = Release|Any CPU
		{DA8FF13F-661C-48CE-8060-0CEB05033923}.Release|Any CPU.Build.0 = Release|Any CPU
		{DA8FF13F-661C-48CE-8060-0CEB05033923}.Release|Mixed Platforms.ActiveCfg = Release|Any CPU
		{DA8FF13F-661C-48CE-8060-0CEB05033923}.Release|Mixed Platforms.Build.0 = Release|Any CPU
		{DA8FF13F-661C-48CE-8060-0CEB05033923}.Release|Win32.ActiveCfg = Release|Any CPU
		{0ABA1163-2E10-4F11-84A8-F7F0AFDA027E}.Debug|Any CPU.ActiveCfg = Debug|Any CPU
		{0ABA1163-2E10-4F11-84A8-F7F0AFDA027E}.Debug|Any CPU.Build.0 = Debug|Any CPU
		{0ABA1163-2E10-4F11-84A8-F7F0AFDA027E}.Debug|Mixed Platforms.ActiveCfg = Debug|Any CPU
		{0ABA1163-2E10-4F11-84A8-F7F0AFDA027E}.Debug|Mixed Platforms.Build.0 = Debug|Any CPU
		{0ABA1163-2E10-4F11-84A8-F7F0AFDA027E}.Debug|Win32.ActiveCfg = Debug|Any CPU
		{0ABA1163-2E10-4F11-84A8-F7F0AFDA027E}.Release|Any CPU.ActiveCfg = Release|Any CPU
		{0ABA1163-2E10-4F11-84A8-F7F0AFDA027E}.Release|Any CPU.Build.0 = Release|Any CPU
		{0ABA1163-2E10-4F11-84A8-F7F0AFDA027E}.Release|Mixed Platforms.ActiveCfg = Release|Any CPU
		{0ABA1163-2E10-4F11-84A8-F7F0AFDA027E}.Release|Mixed Platforms.Build.0 = Release|Any CPU
		{0ABA1163-2E10-4F11-84A8-F7F0AFDA027E}.Release|Win32.ActiveCfg = Release|Any CPU
		{472A4C7D-EAA0-4549-B06B-7539C98F8AA4}.Debug|Any CPU.ActiveCfg = Debug|Any CPU
		{472A4C7D-EAA0-4549-B06B-7539C98F8AA4}.Debug|Any CPU.Build.0 = Debug|Any CPU
		{472A4C7D-EAA0-4549-B06B-7539C98F8AA4}.Debug|Mixed Platforms.ActiveCfg = Debug|Any CPU
		{472A4C7D-EAA0-4549-B06B-7539C98F8AA4}.Debug|Mixed Platforms.Build.0 = Debug|Any CPU
		{472A4C7D-EAA0-4549-B06B-7539C98F8AA4}.Debug|Win32.ActiveCfg = Debug|Any CPU
		{472A4C7D-EAA0-4549-B06B-7539C98F8AA4}.Release|Any CPU.ActiveCfg = Release|Any CPU
		{472A4C7D-EAA0-4549-B06B-7539C98F8AA4}.Release|Any CPU.Build.0 = Release|Any CPU
		{472A4C7D-EAA0-4549-B06B-7539C98F8AA4}.Release|Mixed Platforms.ActiveCfg = Release|Any CPU
		{472A4C7D-EAA0-4549-B06B-7539C98F8AA4}.Release|Mixed Platforms.Build.0 = Release|Any CPU
		{472A4C7D-EAA0-4549-B06B-7539C98F8AA4}.Release|Win32.ActiveCfg = Release|Any CPU
	EndGlobalSection
	GlobalSection(SolutionProperties) = preSolution
		HideSolutionNode = FALSE
	EndGlobalSection
EndGlobal
